
Microsoft Visual Studio Solution File, Format Version 12.00
# Visual Studio 2013
VisualStudioVersion = 12.0.40418.0
MinimumVisualStudioVersion = 10.0.40219.1
Project("{FAE04EC0-301F-11D3-BF4B-00C04F79EFBC}") = "KeepAliveHD", "KeepAliveHD\KeepAliveHD.csproj", "{A495D932-5A27-494A-A44B-80143FA1352D}"
EndProject
Global
	GlobalSection(TeamFoundationVersionControl) = preSolution
		SccNumberOfProjects = 2
		SccEnterpriseProvider = {4CA58AB2-18FA-4F8D-95D4-32DDF27D184C}
		SccTeamFoundationServer = https://tfs.codeplex.com/tfs/tfs30
		SccLocalPath0 = .
		SccProjectUniqueName1 = KeepAliveHD\\KeepAliveHD.csproj
		SccProjectName1 = KeepAliveHD
		SccLocalPath1 = KeepAliveHD
	EndGlobalSection
	GlobalSection(SolutionConfigurationPlatforms) = preSolution
		Debug|Any CPU = Debug|Any CPU
		Release|Any CPU = Release|Any CPU
	EndGlobalSection
	GlobalSection(ProjectConfigurationPlatforms) = postSolution
		{A495D932-5A27-494A-A44B-80143FA1352D}.Debug|Any CPU.ActiveCfg = Debug|Any CPU
		{A495D932-5A27-494A-A44B-80143FA1352D}.Debug|Any CPU.Build.0 = Debug|Any CPU
		{A495D932-5A27-494A-A44B-80143FA1352D}.Release|Any CPU.ActiveCfg = Release|Any CPU
		{A495D932-5A27-494A-A44B-80143FA1352D}.Release|Any CPU.Build.0 = Release|Any CPU
	EndGlobalSection
	GlobalSection(SolutionProperties) = preSolution
		HideSolutionNode = FALSE
	EndGlobalSection
EndGlobal
